
Microsoft Visual Studio Solution File, Format Version 12.00
# Visual Studio Version 16
VisualStudioVersion = 16.0.32901.82
MinimumVisualStudioVersion = 10.0.40219.1
Project("{FAE04EC0-301F-11D3-BF4B-00C04F79EFBC}") = "final_project_pysachuk", "final_project_pysachuk.csproj", "{4F41339B-68BC-4BA7-99A1-D1B6FC28B426}"
EndProject
Global
	GlobalSection(SolutionConfigurationPlatforms) = preSolution
		Debug|Any CPU = Debug|Any CPU
		Release|Any CPU = Release|Any CPU
	EndGlobalSection
	GlobalSection(ProjectConfigurationPlatforms) = postSolution
		{4F41339B-68BC-4BA7-99A1-D1B6FC28B426}.Debug|Any CPU.ActiveCfg = Debug|Any CPU
		{4F41339B-68BC-4BA7-99A1-D1B6FC28B426}.Debug|Any CPU.Build.0 = Debug|Any CPU
		{4F41339B-68BC-4BA7-99A1-D1B6FC28B426}.Release|Any CPU.ActiveCfg = Release|Any CPU
		{4F41339B-68BC-4BA7-99A1-D1B6FC28B426}.Release|Any CPU.Build.0 = Release|Any CPU
	EndGlobalSection
	GlobalSection(SolutionProperties) = preSolution
		HideSolutionNode = FALSE
	EndGlobalSection
	GlobalSection(ExtensibilityGlobals) = postSolution
		SolutionGuid = {5FE5B720-EEB2-45A6-8831-04C60B63997F}
	EndGlobalSection
EndGlobal
